
Microsoft Visual Studio Solution File, Format Version 12.00
# Visual Studio 15
Project("{FAE04EC0-301F-11D3-BF4B-00C04F79EFBC}") = "Unity.Timeline", "Unity.Timeline.csproj", "{F6B5962F-7E9D-F2FA-A042-3FF94CD75643}"
EndProject
Project("{FAE04EC0-301F-11D3-BF4B-00C04F79EFBC}") = "Unity.Timeline.Editor", "Unity.Timeline.Editor.csproj", "{CE77C06F-66B4-32CE-176A-86DE7BDC20E5}"
EndProject
Project("{FAE04EC0-301F-11D3-BF4B-00C04F79EFBC}") = "Unity.TextMeshPro.Editor", "Unity.TextMeshPro.Editor.csproj", "{65FF9800-3E15-51BC-8D73-7328D6C3580A}"
EndProject
Project("{FAE04EC0-301F-11D3-BF4B-00C04F79EFBC}") = "Unity.VisualScripting.Flow", "Unity.VisualScripting.Flow.csproj", "{49ACBA20-D66E-03F7-EE5F-BE2522EDDCE8}"
EndProject
Project("{FAE04EC0-301F-11D3-BF4B-00C04F79EFBC}") = "UnityEditor.UI", "UnityEditor.UI.csproj", "{28345CE0-DD57-28A3-7FED-29A59398E44F}"
EndProject
Project("{FAE04EC0-301F-11D3-BF4B-00C04F79EFBC}") = "Unity.PlasticSCM.Editor", "Unity.PlasticSCM.Editor.csproj", "{69CC8DF0-0373-42FA-FD77-58B54CE5F543}"
EndProject
Project("{FAE04EC0-301F-11D3-BF4B-00C04F79EFBC}") = "Unity.VisualScripting.Core", "Unity.VisualScripting.Core.csproj", "{E606B2F6-F19E-ABDD-D0DD-130F9D54E457}"
EndProject
Project("{FAE04EC0-301F-11D3-BF4B-00C04F79EFBC}") = "Unity.VisualScripting.Core.Editor", "Unity.VisualScripting.Core.Editor.csproj", "{ECD6D9AC-B91F-D384-8ED0-C8A0F4C16FAD}"
EndProject
Project("{FAE04EC0-301F-11D3-BF4B-00C04F79EFBC}") = "Unity.VisualScripting.Flow.Editor", "Unity.VisualScripting.Flow.Editor.csproj", "{AFF26B21-1428-3B25-1208-644214187630}"
EndProject
Project("{FAE04EC0-301F-11D3-BF4B-00C04F79EFBC}") = "UnityEditor.TestRunner", "UnityEditor.TestRunner.csproj", "{ED353868-6927-E00A-83BA-3F322FC67E5D}"
EndProject
Project("{FAE04EC0-301F-11D3-BF4B-00C04F79EFBC}") = "Unity.VisualScripting.SettingsProvider.Editor", "Unity.VisualScripting.SettingsProvider.Editor.csproj", "{DCD3C7E5-DD14-E1DB-9448-BA1B921F6AD7}"
EndProject
Project("{FAE04EC0-301F-11D3-BF4B-00C04F79EFBC}") = "UnityEngine.TestRunner", "UnityEngine.TestRunner.csproj", "{0FA82583-10D0-7EB1-EA34-F6B449848216}"
EndProject
Project("{FAE04EC0-301F-11D3-BF4B-00C04F79EFBC}") = "UnityEngine.UI", "UnityEngine.UI.csproj", "{D5C9E580-3BC9-7787-8302-0A165184AF45}"
EndProject
Project("{FAE04EC0-301F-11D3-BF4B-00C04F79EFBC}") = "Unity.VisualStudio.Editor", "Unity.VisualStudio.Editor.csproj", "{3C30D6F8-A106-151C-F410-9BC48522D173}"
EndProject
Project("{FAE04EC0-301F-11D3-BF4B-00C04F79EFBC}") = "Unity.TestTools.CodeCoverage.Editor.OpenCover.Model", "Unity.TestTools.CodeCoverage.Editor.OpenCover.Model.csproj", "{87448857-FCDE-9D94-9567-C72DB24A2D1A}"
EndProject
Project("{FAE04EC0-301F-11D3-BF4B-00C04F79EFBC}") = "Unity.Rider.Editor", "Unity.Rider.Editor.csproj", "{A15FECCA-9AB4-075F-0B97-A5F56D51CD12}"
EndProject
Project("{FAE04EC0-301F-11D3-BF4B-00C04F79EFBC}") = "Unity.VisualScripting.State.Editor", "Unity.VisualScripting.State.Editor.csproj", "{BD67B22E-C705-0D38-7ADC-E17D3E59321A}"
EndProject
Project("{FAE04EC0-301F-11D3-BF4B-00C04F79EFBC}") = "Unity.TestTools.CodeCoverage.Editor", "Unity.TestTools.CodeCoverage.Editor.csproj", "{77BC8B1B-D96C-45A0-AA6D-71B3D24CB7B1}"
EndProject
Project("{FAE04EC0-301F-11D3-BF4B-00C04F79EFBC}") = "Unity.VisualScripting.State", "Unity.VisualScripting.State.csproj", "{C39794C9-E3B3-B4AB-05FC-B1A3B34D66F9}"
EndProject
Project("{FAE04EC0-301F-11D3-BF4B-00C04F79EFBC}") = "Unity.TextMeshPro", "Unity.TextMeshPro.csproj", "{266096BA-C530-35B1-5F66-8D586D2B3C40}"
EndProject
Project("{FAE04EC0-301F-11D3-BF4B-00C04F79EFBC}") = "Unity.Performance.Profile-Analyzer.Editor", "Unity.Performance.Profile-Analyzer.Editor.csproj", "{7E3B14EB-BB9A-EFE0-0CC1-CC1DB45C6013}"
EndProject
Project("{FAE04EC0-301F-11D3-BF4B-00C04F79EFBC}") = "Unity.VSCode.Editor", "Unity.VSCode.Editor.csproj", "{23BFF613-B3A7-EEC2-B8FA-13F5A0786C05}"
EndProject
Project("{FAE04EC0-301F-11D3-BF4B-00C04F79EFBC}") = "Unity.TestTools.CodeCoverage.Editor.OpenCover.Mono.Reflection", "Unity.TestTools.CodeCoverage.Editor.OpenCover.Mono.Reflection.csproj", "{2CCC49B0-C3E2-0E4C-EE39-9A422E8E8927}"
EndProject
Project("{FAE04EC0-301F-11D3-BF4B-00C04F79EFBC}") = "Unity.Settings.Editor", "Unity.Settings.Editor.csproj", "{76AAEBC3-5C82-6FF7-D326-5D1913EAFBB6}"
EndProject
Project("{FAE04EC0-301F-11D3-BF4B-00C04F79EFBC}") = "Unity.EditorCoroutines.Editor", "Unity.EditorCoroutines.Editor.csproj", "{780AFABF-0E21-5EE6-A860-F31DE602EE7F}"
EndProject
Project("{FAE04EC0-301F-11D3-BF4B-00C04F79EFBC}") = "Assembly-CSharp", "Assembly-CSharp.csproj", "{38FA4E93-48FB-7D72-5A5B-F23CE5501EF3}"
EndProject
Project("{FAE04EC0-301F-11D3-BF4B-00C04F79EFBC}") = "Unity.VisualScripting.Shared.Editor", "Unity.VisualScripting.Shared.Editor.csproj", "{278989AC-E6F2-ACCD-D2B0-700E943EAFA9}"
EndProject
Project("{FAE04EC0-301F-11D3-BF4B-00C04F79EFBC}") = "Unity.CollabProxy.Editor", "Unity.CollabProxy.Editor.csproj", "{8895ADE9-12A3-C7E2-A419-35EBEC6862B5}"
EndProject
Project("{FAE04EC0-301F-11D3-BF4B-00C04F79EFBC}") = "Unity.Timeline", "Unity.Timeline.Player.csproj", "{133EA75F-B5F8-B56E-F231-D745F7789ADE}"
EndProject
Project("{FAE04EC0-301F-11D3-BF4B-00C04F79EFBC}") = "Unity.VisualScripting.Flow", "Unity.VisualScripting.Flow.Player.csproj", "{A8C7A5F5-A084-CF15-4012-3F1868E86EA7}"
EndProject
Project("{FAE04EC0-301F-11D3-BF4B-00C04F79EFBC}") = "Unity.VisualScripting.Core", "Unity.VisualScripting.Core.Player.csproj", "{7BC3E458-D793-3AF4-FBA5-2DC2C265E99C}"
EndProject
Project("{FAE04EC0-301F-11D3-BF4B-00C04F79EFBC}") = "UnityEngine.TestRunner", "UnityEngine.TestRunner.Player.csproj", "{576C1594-7DE6-C58A-3EE2-51F7CF2B04AF}"
EndProject
Project("{FAE04EC0-301F-11D3-BF4B-00C04F79EFBC}") = "UnityEngine.UI", "UnityEngine.UI.Player.csproj", "{5E3350BD-8E07-F7FC-6FCE-5B07D5B452E4}"
EndProject
Project("{FAE04EC0-301F-11D3-BF4B-00C04F79EFBC}") = "Unity.VisualScripting.State", "Unity.VisualScripting.State.Player.csproj", "{FA657623-EFA4-AF23-8826-2DCF72A83F4C}"
EndProject
Project("{FAE04EC0-301F-11D3-BF4B-00C04F79EFBC}") = "Unity.TextMeshPro", "Unity.TextMeshPro.Player.csproj", "{D427E24F-59AD-572A-2F68-32BBA0A79A0D}"
EndProject
Project("{FAE04EC0-301F-11D3-BF4B-00C04F79EFBC}") = "Assembly-CSharp", "Assembly-CSharp.Player.csproj", "{504BE7CF-75B3-5C04-666A-96CA6FDA19F6}"
EndProject
Global
	GlobalSection(SolutionConfigurationPlatforms) = preSolution
		Debug|Any CPU = Debug|Any CPU
		Release|Any CPU = Release|Any CPU
	EndGlobalSection
	GlobalSection(ProjectConfigurationPlatforms) = postSolution
		{F6B5962F-7E9D-F2FA-A042-3FF94CD75643}.Debug|Any CPU.ActiveCfg = Debug|Any CPU
		{F6B5962F-7E9D-F2FA-A042-3FF94CD75643}.Debug|Any CPU.Build.0 = Debug|Any CPU
		{F6B5962F-7E9D-F2FA-A042-3FF94CD75643}.Release|Any CPU.ActiveCfg = Release|Any CPU
		{F6B5962F-7E9D-F2FA-A042-3FF94CD75643}.Release|Any CPU.Build.0 = Release|Any CPU
		{CE77C06F-66B4-32CE-176A-86DE7BDC20E5}.Debug|Any CPU.ActiveCfg = Debug|Any CPU
		{CE77C06F-66B4-32CE-176A-86DE7BDC20E5}.Debug|Any CPU.Build.0 = Debug|Any CPU
		{CE77C06F-66B4-32CE-176A-86DE7BDC20E5}.Release|Any CPU.ActiveCfg = Release|Any CPU
		{CE77C06F-66B4-32CE-176A-86DE7BDC20E5}.Release|Any CPU.Build.0 = Release|Any CPU
		{65FF9800-3E15-51BC-8D73-7328D6C3580A}.Debug|Any CPU.ActiveCfg = Debug|Any CPU
		{65FF9800-3E15-51BC-8D73-7328D6C3580A}.Debug|Any CPU.Build.0 = Debug|Any CPU
		{65FF9800-3E15-51BC-8D73-7328D6C3580A}.Release|Any CPU.ActiveCfg = Release|Any CPU
		{65FF9800-3E15-51BC-8D73-7328D6C3580A}.Release|Any CPU.Build.0 = Release|Any CPU
		{49ACBA20-D66E-03F7-EE5F-BE2522EDDCE8}.Debug|Any CPU.ActiveCfg = Debug|Any CPU
		{49ACBA20-D66E-03F7-EE5F-BE2522EDDCE8}.Debug|Any CPU.Build.0 = Debug|Any CPU
		{49ACBA20-D66E-03F7-EE5F-BE2522EDDCE8}.Release|Any CPU.ActiveCfg = Release|Any CPU
		{49ACBA20-D66E-03F7-EE5F-BE2522EDDCE8}.Release|Any CPU.Build.0 = Release|Any CPU
		{28345CE0-DD57-28A3-7FED-29A59398E44F}.Debug|Any CPU.ActiveCfg = Debug|Any CPU
		{28345CE0-DD57-28A3-7FED-29A59398E44F}.Debug|Any CPU.Build.0 = Debug|Any CPU
		{28345CE0-DD57-28A3-7FED-29A59398E44F}.Release|Any CPU.ActiveCfg = Release|Any CPU
		{28345CE0-DD57-28A3-7FED-29A59398E44F}.Release|Any CPU.Build.0 = Release|Any CPU
		{69CC8DF0-0373-42FA-FD77-58B54CE5F543}.Debug|Any CPU.ActiveCfg = Debug|Any CPU
		{69CC8DF0-0373-42FA-FD77-58B54CE5F543}.Debug|Any CPU.Build.0 = Debug|Any CPU
		{69CC8DF0-0373-42FA-FD77-58B54CE5F543}.Release|Any CPU.ActiveCfg = Release|Any CPU
		{69CC8DF0-0373-42FA-FD77-58B54CE5F543}.Release|Any CPU.Build.0 = Release|Any CPU
		{E606B2F6-F19E-ABDD-D0DD-130F9D54E457}.Debug|Any CPU.ActiveCfg = Debug|Any CPU
		{E606B2F6-F19E-ABDD-D0DD-130F9D54E457}.Debug|Any CPU.Build.0 = Debug|Any CPU
		{E606B2F6-F19E-ABDD-D0DD-130F9D54E457}.Release|Any CPU.ActiveCfg = Release|Any CPU
		{E606B2F6-F19E-ABDD-D0DD-130F9D54E457}.Release|Any CPU.Build.0 = Release|Any CPU
		{ECD6D9AC-B91F-D384-8ED0-C8A0F4C16FAD}.Debug|Any CPU.ActiveCfg = Debug|Any CPU
		{ECD6D9AC-B91F-D384-8ED0-C8A0F4C16FAD}.Debug|Any CPU.Build.0 = Debug|Any CPU
		{ECD6D9AC-B91F-D384-8ED0-C8A0F4C16FAD}.Release|Any CPU.ActiveCfg = Release|Any CPU
		{ECD6D9AC-B91F-D384-8ED0-C8A0F4C16FAD}.Release|Any CPU.Build.0 = Release|Any CPU
		{AFF26B21-1428-3B25-1208-644214187630}.Debug|Any CPU.ActiveCfg = Debug|Any CPU
		{AFF26B21-1428-3B25-1208-644214187630}.Debug|Any CPU.Build.0 = Debug|Any CPU
		{AFF26B21-1428-3B25-1208-644214187630}.Release|Any CPU.ActiveCfg = Release|Any CPU
		{AFF26B21-1428-3B25-1208-644214187630}.Release|Any CPU.Build.0 = Release|Any CPU
		{ED353868-6927-E00A-83BA-3F322FC67E5D}.Debug|Any CPU.ActiveCfg = Debug|Any CPU
		{ED353868-6927-E00A-83BA-3F322FC67E5D}.Debug|Any CPU.Build.0 = Debug|Any CPU
		{ED353868-6927-E00A-83BA-3F322FC67E5D}.Release|Any CPU.ActiveCfg = Release|Any CPU
		{ED353868-6927-E00A-83BA-3F322FC67E5D}.Release|Any CPU.Build.0 = Release|Any CPU
		{DCD3C7E5-DD14-E1DB-9448-BA1B921F6AD7}.Debug|Any CPU.ActiveCfg = Debug|Any CPU
		{DCD3C7E5-DD14-E1DB-9448-BA1B921F6AD7}.Debug|Any CPU.Build.0 = Debug|Any CPU
		{DCD3C7E5-DD14-E1DB-9448-BA1B921F6AD7}.Release|Any CPU.ActiveCfg = Release|Any CPU
		{DCD3C7E5-DD14-E1DB-9448-BA1B921F6AD7}.Release|Any CPU.Build.0 = Release|Any CPU
		{0FA82583-10D0-7EB1-EA34-F6B449848216}.Debug|Any CPU.ActiveCfg = Debug|Any CPU
		{0FA82583-10D0-7EB1-EA34-F6B449848216}.Debug|Any CPU.Build.0 = Debug|Any CPU
		{0FA82583-10D0-7EB1-EA34-F6B449848216}.Release|Any CPU.ActiveCfg = Release|Any CPU
		{0FA82583-10D0-7EB1-EA34-F6B449848216}.Release|Any CPU.Build.0 = Release|Any CPU
		{D5C9E580-3BC9-7787-8302-0A165184AF45}.Debug|Any CPU.ActiveCfg = Debug|Any CPU
		{D5C9E580-3BC9-7787-8302-0A165184AF45}.Debug|Any CPU.Build.0 = Debug|Any CPU
		{D5C9E580-3BC9-7787-8302-0A165184AF45}.Release|Any CPU.ActiveCfg = Release|Any CPU
		{D5C9E580-3BC9-7787-8302-0A165184AF45}.Release|Any CPU.Build.0 = Release|Any CPU
		{3C30D6F8-A106-151C-F410-9BC48522D173}.Debug|Any CPU.ActiveCfg = Debug|Any CPU
		{3C30D6F8-A106-151C-F410-9BC48522D173}.Debug|Any CPU.Build.0 = Debug|Any CPU
		{3C30D6F8-A106-151C-F410-9BC48522D173}.Release|Any CPU.ActiveCfg = Release|Any CPU
		{3C30D6F8-A106-151C-F410-9BC48522D173}.Release|Any CPU.Build.0 = Release|Any CPU
		{87448857-FCDE-9D94-9567-C72DB24A2D1A}.Debug|Any CPU.ActiveCfg = Debug|Any CPU
		{87448857-FCDE-9D94-9567-C72DB24A2D1A}.Debug|Any CPU.Build.0 = Debug|Any CPU
		{87448857-FCDE-9D94-9567-C72DB24A2D1A}.Release|Any CPU.ActiveCfg = Release|Any CPU
		{87448857-FCDE-9D94-9567-C72DB24A2D1A}.Release|Any CPU.Build.0 = Release|Any CPU
		{A15FECCA-9AB4-075F-0B97-A5F56D51CD12}.Debug|Any CPU.ActiveCfg = Debug|Any CPU
		{A15FECCA-9AB4-075F-0B97-A5F56D51CD12}.Debug|Any CPU.Build.0 = Debug|Any CPU
		{A15FECCA-9AB4-075F-0B97-A5F56D51CD12}.Release|Any CPU.ActiveCfg = Release|Any CPU
		{A15FECCA-9AB4-075F-0B97-A5F56D51CD12}.Release|Any CPU.Build.0 = Release|Any CPU
		{BD67B22E-C705-0D38-7ADC-E17D3E59321A}.Debug|Any CPU.ActiveCfg = Debug|Any CPU
		{BD67B22E-C705-0D38-7ADC-E17D3E59321A}.Debug|Any CPU.Build.0 = Debug|Any CPU
		{BD67B22E-C705-0D38-7ADC-E17D3E59321A}.Release|Any CPU.ActiveCfg = Release|Any CPU
		{BD67B22E-C705-0D38-7ADC-E17D3E59321A}.Release|Any CPU.Build.0 = Release|Any CPU
		{77BC8B1B-D96C-45A0-AA6D-71B3D24CB7B1}.Debug|Any CPU.ActiveCfg = Debug|Any CPU
		{77BC8B1B-D96C-45A0-AA6D-71B3D24CB7B1}.Debug|Any CPU.Build.0 = Debug|Any CPU
		{77BC8B1B-D96C-45A0-AA6D-71B3D24CB7B1}.Release|Any CPU.ActiveCfg = Release|Any CPU
		{77BC8B1B-D96C-45A0-AA6D-71B3D24CB7B1}.Release|Any CPU.Build.0 = Release|Any CPU
		{C39794C9-E3B3-B4AB-05FC-B1A3B34D66F9}.Debug|Any CPU.ActiveCfg = Debug|Any CPU
		{C39794C9-E3B3-B4AB-05FC-B1A3B34D66F9}.Debug|Any CPU.Build.0 = Debug|Any CPU
		{C39794C9-E3B3-B4AB-05FC-B1A3B34D66F9}.Release|Any CPU.ActiveCfg = Release|Any CPU
		{C39794C9-E3B3-B4AB-05FC-B1A3B34D66F9}.Release|Any CPU.Build.0 = Release|Any CPU
		{266096BA-C530-35B1-5F66-8D586D2B3C40}.Debug|Any CPU.ActiveCfg = Debug|Any CPU
		{266096BA-C530-35B1-5F66-8D586D2B3C40}.Debug|Any CPU.Build.0 = Debug|Any CPU
		{266096BA-C530-35B1-5F66-8D586D2B3C40}.Release|Any CPU.ActiveCfg = Release|Any CPU
		{266096BA-C530-35B1-5F66-8D586D2B3C40}.Release|Any CPU.Build.0 = Release|Any CPU
		{7E3B14EB-BB9A-EFE0-0CC1-CC1DB45C6013}.Debug|Any CPU.ActiveCfg = Debug|Any CPU
		{7E3B14EB-BB9A-EFE0-0CC1-CC1DB45C6013}.Debug|Any CPU.Build.0 = Debug|Any CPU
		{7E3B14EB-BB9A-EFE0-0CC1-CC1DB45C6013}.Release|Any CPU.ActiveCfg = Release|Any CPU
		{7E3B14EB-BB9A-EFE0-0CC1-CC1DB45C6013}.Release|Any CPU.Build.0 = Release|Any CPU
		{23BFF613-B3A7-EEC2-B8FA-13F5A0786C05}.Debug|Any CPU.ActiveCfg = Debug|Any CPU
		{23BFF613-B3A7-EEC2-B8FA-13F5A0786C05}.Debug|Any CPU.Build.0 = Debug|Any CPU
		{23BFF613-B3A7-EEC2-B8FA-13F5A0786C05}.Release|Any CPU.ActiveCfg = Release|Any CPU
		{23BFF613-B3A7-EEC2-B8FA-13F5A0786C05}.Release|Any CPU.Build.0 = Release|Any CPU
		{2CCC49B0-C3E2-0E4C-EE39-9A422E8E8927}.Debug|Any CPU.ActiveCfg = Debug|Any CPU
		{2CCC49B0-C3E2-0E4C-EE39-9A422E8E8927}.Debug|Any CPU.Build.0 = Debug|Any CPU
		{2CCC49B0-C3E2-0E4C-EE39-9A422E8E8927}.Release|Any CPU.ActiveCfg = Release|Any CPU
		{2CCC49B0-C3E2-0E4C-EE39-9A422E8E8927}.Release|Any CPU.Build.0 = Release|Any CPU
		{76AAEBC3-5C82-6FF7-D326-5D1913EAFBB6}.Debug|Any CPU.ActiveCfg = Debug|Any CPU
		{76AAEBC3-5C82-6FF7-D326-5D1913EAFBB6}.Debug|Any CPU.Build.0 = Debug|Any CPU
		{76AAEBC3-5C82-6FF7-D326-5D1913EAFBB6}.Release|Any CPU.ActiveCfg = Release|Any CPU
		{76AAEBC3-5C82-6FF7-D326-5D1913EAFBB6}.Release|Any CPU.Build.0 = Release|Any CPU
		{780AFABF-0E21-5EE6-A860-F31DE602EE7F}.Debug|Any CPU.ActiveCfg = Debug|Any CPU
		{780AFABF-0E21-5EE6-A860-F31DE602EE7F}.Debug|Any CPU.Build.0 = Debug|Any CPU
		{780AFABF-0E21-5EE6-A860-F31DE602EE7F}.Release|Any CPU.ActiveCfg = Release|Any CPU
		{780AFABF-0E21-5EE6-A860-F31DE602EE7F}.Release|Any CPU.Build.0 = Release|Any CPU
		{38FA4E93-48FB-7D72-5A5B-F23CE5501EF3}.Debug|Any CPU.ActiveCfg = Debug|Any CPU
		{38FA4E93-48FB-7D72-5A5B-F23CE5501EF3}.Debug|Any CPU.Build.0 = Debug|Any CPU
		{38FA4E93-48FB-7D72-5A5B-F23CE5501EF3}.Release|Any CPU.ActiveCfg = Release|Any CPU
		{38FA4E93-48FB-7D72-5A5B-F23CE5501EF3}.Release|Any CPU.Build.0 = Release|Any CPU
		{278989AC-E6F2-ACCD-D2B0-700E943EAFA9}.Debug|Any CPU.ActiveCfg = Debug|Any CPU
		{278989AC-E6F2-ACCD-D2B0-700E943EAFA9}.Debug|Any CPU.Build.0 = Debug|Any CPU
		{278989AC-E6F2-ACCD-D2B0-700E943EAFA9}.Release|Any CPU.ActiveCfg = Release|Any CPU
		{278989AC-E6F2-ACCD-D2B0-700E943EAFA9}.Release|Any CPU.Build.0 = Release|Any CPU
		{8895ADE9-12A3-C7E2-A419-35EBEC6862B5}.Debug|Any CPU.ActiveCfg = Debug|Any CPU
		{8895ADE9-12A3-C7E2-A419-35EBEC6862B5}.Debug|Any CPU.Build.0 = Debug|Any CPU
		{8895ADE9-12A3-C7E2-A419-35EBEC6862B5}.Release|Any CPU.ActiveCfg = Release|Any CPU
		{8895ADE9-12A3-C7E2-A419-35EBEC6862B5}.Release|Any CPU.Build.0 = Release|Any CPU
		{133EA75F-B5F8-B56E-F231-D745F7789ADE}.Debug|Any CPU.ActiveCfg = Debug|Any CPU
		{133EA75F-B5F8-B56E-F231-D745F7789ADE}.Debug|Any CPU.Build.0 = Debug|Any CPU
		{133EA75F-B5F8-B56E-F231-D745F7789ADE}.Release|Any CPU.ActiveCfg = Release|Any CPU
		{133EA75F-B5F8-B56E-F231-D745F7789ADE}.Release|Any CPU.Build.0 = Release|Any CPU
		{A8C7A5F5-A084-CF15-4012-3F1868E86EA7}.Debug|Any CPU.ActiveCfg = Debug|Any CPU
		{A8C7A5F5-A084-CF15-4012-3F1868E86EA7}.Debug|Any CPU.Build.0 = Debug|Any CPU
		{A8C7A5F5-A084-CF15-4012-3F1868E86EA7}.Release|Any CPU.ActiveCfg = Release|Any CPU
		{A8C7A5F5-A084-CF15-4012-3F1868E86EA7}.Release|Any CPU.Build.0 = Release|Any CPU
		{7BC3E458-D793-3AF4-FBA5-2DC2C265E99C}.Debug|Any CPU.ActiveCfg = Debug|Any CPU
		{7BC3E458-D793-3AF4-FBA5-2DC2C265E99C}.Debug|Any CPU.Build.0 = Debug|Any CPU
		{7BC3E458-D793-3AF4-FBA5-2DC2C265E99C}.Release|Any CPU.ActiveCfg = Release|Any CPU
		{7BC3E458-D793-3AF4-FBA5-2DC2C265E99C}.Release|Any CPU.Build.0 = Release|Any CPU
		{576C1594-7DE6-C58A-3EE2-51F7CF2B04AF}.Debug|Any CPU.ActiveCfg = Debug|Any CPU
		{576C1594-7DE6-C58A-3EE2-51F7CF2B04AF}.Debug|Any CPU.Build.0 = Debug|Any CPU
		{576C1594-7DE6-C58A-3EE2-51F7CF2B04AF}.Release|Any CPU.ActiveCfg = Release|Any CPU
		{576C1594-7DE6-C58A-3EE2-51F7CF2B04AF}.Release|Any CPU.Build.0 = Release|Any CPU
		{5E3350BD-8E07-F7FC-6FCE-5B07D5B452E4}.Debug|Any CPU.ActiveCfg = Debug|Any CPU
		{5E3350BD-8E07-F7FC-6FCE-5B07D5B452E4}.Debug|Any CPU.Build.0 = Debug|Any CPU
		{5E3350BD-8E07-F7FC-6FCE-5B07D5B452E4}.Release|Any CPU.ActiveCfg = Release|Any CPU
		{5E3350BD-8E07-F7FC-6FCE-5B07D5B452E4}.Release|Any CPU.Build.0 = Release|Any CPU
		{FA657623-EFA4-AF23-8826-2DCF72A83F4C}.Debug|Any CPU.ActiveCfg = Debug|Any CPU
		{FA657623-EFA4-AF23-8826-2DCF72A83F4C}.Debug|Any CPU.Build.0 = Debug|Any CPU
		{FA657623-EFA4-AF23-8826-2DCF72A83F4C}.Release|Any CPU.ActiveCfg = Release|Any CPU
		{FA657623-EFA4-AF23-8826-2DCF72A83F4C}.Release|Any CPU.Build.0 = Release|Any CPU
		{D427E24F-59AD-572A-2F68-32BBA0A79A0D}.Debug|Any CPU.ActiveCfg = Debug|Any CPU
		{D427E24F-59AD-572A-2F68-32BBA0A79A0D}.Debug|Any CPU.Build.0 = Debug|Any CPU
		{D427E24F-59AD-572A-2F68-32BBA0A79A0D}.Release|Any CPU.ActiveCfg = Release|Any CPU
		{D427E24F-59AD-572A-2F68-32BBA0A79A0D}.Release|Any CPU.Build.0 = Release|Any CPU
		{504BE7CF-75B3-5C04-666A-96CA6FDA19F6}.Debug|Any CPU.ActiveCfg = Debug|Any CPU
		{504BE7CF-75B3-5C04-666A-96CA6FDA19F6}.Debug|Any CPU.Build.0 = Debug|Any CPU
		{504BE7CF-75B3-5C04-666A-96CA6FDA19F6}.Release|Any CPU.ActiveCfg = Release|Any CPU
		{504BE7CF-75B3-5C04-666A-96CA6FDA19F6}.Release|Any CPU.Build.0 = Release|Any CPU
	EndGlobalSection
	GlobalSection(SolutionProperties) = preSolution
		HideSolutionNode = FALSE
	EndGlobalSection
EndGlobal
